{
  "name": "lsync",
  "lockfileVersion": 3,
  "requires": true,
  "packages": {
    "": {
      "dependencies": {
        "lifx-lan-client": "^2.1.0"
      }
    },
    "node_modules/eventemitter3": {
      "version": "4.0.7",
      "resolved": "https://registry.npmjs.org/eventemitter3/-/eventemitter3-4.0.7.tgz",
      "integrity": "sha512-8guHBZCwKnFhYdHr2ysuRWErTwhoN2X8XELRlrRwpmfeY2jjuUN4taQMsULKUVo1K4DvZl+0pgfyoysHxvmvEw=="
    },
    "node_modules/lifx-lan-client": {
      "version": "2.1.0",
      "resolved": "https://registry.npmjs.org/lifx-lan-client/-/lifx-lan-client-2.1.0.tgz",
      "integrity": "sha512-0IS8y5xgS4J75aLh7+9cktDLQfosijBLP0EpfE/A0oNpDci6uezr3P/v8JNrLKoFnRr8GQpKbA0g1oY+3wE7LA==",
      "dependencies": {
        "eventemitter3": "^4.0.7",
        "lodash": "^4.17.15"
      },
      "engines": {
        "node": ">=8.10"
      }
    },
    "node_modules/lodash": {
      "version": "4.17.21",
      "resolved": "https://registry.npmjs.org/lodash/-/lodash-4.17.21.tgz",
      "integrity": "sha512-v2kDEe57lecTulaDIuNTPy3Ry4gLGJ6Z1O3vE1krgXZNrsQ+LFTGHVxVjcXPs17LhbZVGedAJv8XZ1tvj5FvSg=="
    }
  }
}
